
Microsoft Visual Studio Solution File, Format Version 11.00
# Visual Studio 2010
Project("{FAE04EC0-301F-11D3-BF4B-00C04F79EFBC}") = "We7.CMS.Web", "We7.CMS.Web\We7.CMS.Web.csproj", "{5D9F1903-4634-487D-92BF-17F9BC2CD580}"
EndProject
Project("{FAE04EC0-301F-11D3-BF4B-00C04F79EFBC}") = "We7.CMS.Utils", "We7.CMS.Utils\We7.CMS.Utils.csproj", "{7F94419E-DEC0-43DF-9781-7D0F28E0961C}"
EndProject
Project("{FAE04EC0-301F-11D3-BF4B-00C04F79EFBC}") = "We7.CMS.Config", "We7.CMS.Config\We7.CMS.Config.csproj", "{4A936897-F9D4-49B1-BAEE-16E2D7668B1C}"
EndProject
Project("{FAE04EC0-301F-11D3-BF4B-00C04F79EFBC}") = "We7.Framework", "We7.Framework\We7.Framework.csproj", "{77C3C049-609F-445A-BB8B-62EC07893D59}"
EndProject
Project("{FAE04EC0-301F-11D3-BF4B-00C04F79EFBC}") = "We7.CMS.Accounts", "We7.CMS.Accounts\We7.CMS.Accounts.csproj", "{AC285951-7016-4C16-991E-2A03ECFE423D}"
EndProject
Project("{FAE04EC0-301F-11D3-BF4B-00C04F79EFBC}") = "We7.CMS.Install", "We7.CMS.Install\We7.CMS.Install.csproj", "{95596D96-7C3F-48A6-86C9-ABB0D83229A5}"
EndProject
Project("{2150E333-8FDC-42A3-9474-1A3956D46DE8}") = "We7.Share", "We7.Share", "{D57630EB-ED63-43C9-9A0C-4E63D6F88C31}"
EndProject
Project("{2150E333-8FDC-42A3-9474-1A3956D46DE8}") = "Solution Items", "Solution Items", "{77ACE522-7420-4BA3-8F79-443916E7A4D3}"
EndProject
Project("{2150E333-8FDC-42A3-9474-1A3956D46DE8}") = "DLL", "DLL", "{BE03E891-167E-4720-B173-E44B58DF3440}"
	ProjectSection(SolutionItems) = preProject
		Solution Items\DLL\Interop.ADOX.dll = Solution Items\DLL\Interop.ADOX.dll
		Solution Items\DLL\MySql.Data.dll = Solution Items\DLL\MySql.Data.dll
		Solution Items\DLL\System.Data.SQLite.dll = Solution Items\DLL\System.Data.SQLite.dll
		Solution Items\DLL\System.Data.SQLite_64.DLL = Solution Items\DLL\System.Data.SQLite_64.DLL
	EndProjectSection
EndProject
Project("{FAE04EC0-301F-11D3-BF4B-00C04F79EFBC}") = "Thinkment.Data", "We7.Share\Thinkment.Data\Thinkment.Data.csproj", "{D4AE4B8A-01E4-47BE-BADA-67E5C5A24437}"
EndProject
Project("{FAE04EC0-301F-11D3-BF4B-00C04F79EFBC}") = "We7.CMS.Web.Admin", "We7.CMS.Web\Admin\We7.CMS.Web.Admin.csproj", "{2A5CAA2B-ED74-4EE5-89F2-AC78F1152E80}"
EndProject
Project("{FAE04EC0-301F-11D3-BF4B-00C04F79EFBC}") = "We7.CMS.UI", "We7.CMS.UI\We7.CMS.UI.csproj", "{3E7F21EA-1D06-40D0-9A0B-4ADB3D5A351C}"
EndProject
Global
	GlobalSection(SolutionConfigurationPlatforms) = preSolution
		Debug|Any CPU = Debug|Any CPU
		Release|Any CPU = Release|Any CPU
	EndGlobalSection
	GlobalSection(ProjectConfigurationPlatforms) = postSolution
		{5D9F1903-4634-487D-92BF-17F9BC2CD580}.Debug|Any CPU.ActiveCfg = Debug|Any CPU
		{5D9F1903-4634-487D-92BF-17F9BC2CD580}.Debug|Any CPU.Build.0 = Debug|Any CPU
		{5D9F1903-4634-487D-92BF-17F9BC2CD580}.Release|Any CPU.ActiveCfg = Release|Any CPU
		{5D9F1903-4634-487D-92BF-17F9BC2CD580}.Release|Any CPU.Build.0 = Release|Any CPU
		{7F94419E-DEC0-43DF-9781-7D0F28E0961C}.Debug|Any CPU.ActiveCfg = Debug|Any CPU
		{7F94419E-DEC0-43DF-9781-7D0F28E0961C}.Debug|Any CPU.Build.0 = Debug|Any CPU
		{7F94419E-DEC0-43DF-9781-7D0F28E0961C}.Release|Any CPU.ActiveCfg = Release|Any CPU
		{7F94419E-DEC0-43DF-9781-7D0F28E0961C}.Release|Any CPU.Build.0 = Release|Any CPU
		{4A936897-F9D4-49B1-BAEE-16E2D7668B1C}.Debug|Any CPU.ActiveCfg = Debug|Any CPU
		{4A936897-F9D4-49B1-BAEE-16E2D7668B1C}.Debug|Any CPU.Build.0 = Debug|Any CPU
		{4A936897-F9D4-49B1-BAEE-16E2D7668B1C}.Release|Any CPU.ActiveCfg = Release|Any CPU
		{4A936897-F9D4-49B1-BAEE-16E2D7668B1C}.Release|Any CPU.Build.0 = Release|Any CPU
		{77C3C049-609F-445A-BB8B-62EC07893D59}.Debug|Any CPU.ActiveCfg = Debug|Any CPU
		{77C3C049-609F-445A-BB8B-62EC07893D59}.Debug|Any CPU.Build.0 = Debug|Any CPU
		{77C3C049-609F-445A-BB8B-62EC07893D59}.Release|Any CPU.ActiveCfg = Release|Any CPU
		{77C3C049-609F-445A-BB8B-62EC07893D59}.Release|Any CPU.Build.0 = Release|Any CPU
		{AC285951-7016-4C16-991E-2A03ECFE423D}.Debug|Any CPU.ActiveCfg = Debug|Any CPU
		{AC285951-7016-4C16-991E-2A03ECFE423D}.Debug|Any CPU.Build.0 = Debug|Any CPU
		{AC285951-7016-4C16-991E-2A03ECFE423D}.Release|Any CPU.ActiveCfg = Release|Any CPU
		{AC285951-7016-4C16-991E-2A03ECFE423D}.Release|Any CPU.Build.0 = Release|Any CPU
		{95596D96-7C3F-48A6-86C9-ABB0D83229A5}.Debug|Any CPU.ActiveCfg = Debug|Any CPU
		{95596D96-7C3F-48A6-86C9-ABB0D83229A5}.Debug|Any CPU.Build.0 = Debug|Any CPU
		{95596D96-7C3F-48A6-86C9-ABB0D83229A5}.Release|Any CPU.ActiveCfg = Release|Any CPU
		{95596D96-7C3F-48A6-86C9-ABB0D83229A5}.Release|Any CPU.Build.0 = Release|Any CPU
		{D4AE4B8A-01E4-47BE-BADA-67E5C5A24437}.Debug|Any CPU.ActiveCfg = Debug|Any CPU
		{D4AE4B8A-01E4-47BE-BADA-67E5C5A24437}.Debug|Any CPU.Build.0 = Debug|Any CPU
		{D4AE4B8A-01E4-47BE-BADA-67E5C5A24437}.Release|Any CPU.ActiveCfg = Release|Any CPU
		{D4AE4B8A-01E4-47BE-BADA-67E5C5A24437}.Release|Any CPU.Build.0 = Release|Any CPU
		{2A5CAA2B-ED74-4EE5-89F2-AC78F1152E80}.Debug|Any CPU.ActiveCfg = Debug|Any CPU
		{2A5CAA2B-ED74-4EE5-89F2-AC78F1152E80}.Debug|Any CPU.Build.0 = Debug|Any CPU
		{2A5CAA2B-ED74-4EE5-89F2-AC78F1152E80}.Release|Any CPU.ActiveCfg = Release|Any CPU
		{2A5CAA2B-ED74-4EE5-89F2-AC78F1152E80}.Release|Any CPU.Build.0 = Release|Any CPU
		{3E7F21EA-1D06-40D0-9A0B-4ADB3D5A351C}.Debug|Any CPU.ActiveCfg = Debug|Any CPU
		{3E7F21EA-1D06-40D0-9A0B-4ADB3D5A351C}.Debug|Any CPU.Build.0 = Debug|Any CPU
		{3E7F21EA-1D06-40D0-9A0B-4ADB3D5A351C}.Release|Any CPU.ActiveCfg = Release|Any CPU
		{3E7F21EA-1D06-40D0-9A0B-4ADB3D5A351C}.Release|Any CPU.Build.0 = Release|Any CPU
	EndGlobalSection
	GlobalSection(SolutionProperties) = preSolution
		HideSolutionNode = FALSE
	EndGlobalSection
	GlobalSection(NestedProjects) = preSolution
		{D4AE4B8A-01E4-47BE-BADA-67E5C5A24437} = {D57630EB-ED63-43C9-9A0C-4E63D6F88C31}
		{BE03E891-167E-4720-B173-E44B58DF3440} = {77ACE522-7420-4BA3-8F79-443916E7A4D3}
	EndGlobalSection
EndGlobal
